
Microsoft Visual Studio Solution File, Format Version 12.00
# Visual Studio Version 17
VisualStudioVersion = 17.6.33815.320
MinimumVisualStudioVersion = 10.0.40219.1
Project("{FAE04EC0-301F-11D3-BF4B-00C04F79EFBC}") = "ParkingApp", "ParkingApp\ParkingApp.csproj", "{BEBB99D5-FC7E-40CE-A1F2-D36C8BE79F71}"
EndProject
Global
	GlobalSection(SolutionConfigurationPlatforms) = preSolution
		Debug|Any CPU = Debug|Any CPU
		Release|Any CPU = Release|Any CPU
	EndGlobalSection
	GlobalSection(ProjectConfigurationPlatforms) = postSolution
		{BEBB99D5-FC7E-40CE-A1F2-D36C8BE79F71}.Debug|Any CPU.ActiveCfg = Debug|Any CPU
		{BEBB99D5-FC7E-40CE-A1F2-D36C8BE79F71}.Debug|Any CPU.Build.0 = Debug|Any CPU
		{BEBB99D5-FC7E-40CE-A1F2-D36C8BE79F71}.Release|Any CPU.ActiveCfg = Release|Any CPU
		{BEBB99D5-FC7E-40CE-A1F2-D36C8BE79F71}.Release|Any CPU.Build.0 = Release|Any CPU
	EndGlobalSection
	GlobalSection(SolutionProperties) = preSolution
		HideSolutionNode = FALSE
	EndGlobalSection
	GlobalSection(ExtensibilityGlobals) = postSolution
		SolutionGuid = {A785F674-66D8-4906-B6ED-288C970D0FC7}
	EndGlobalSection
EndGlobal
